{
    "_meta": {
        "hash": {
            "sha256": "8064c19c402a72dfffeb799546298c16ab20d5c6fc5c13c04e42d134d4404183"
        },
        "pipfile-spec": 6,
        "requires": {
            "python_version": "3.9"
        },
        "sources": [
            {
                "name": "pypi",
                "url": "https://pypi.org/simple",
                "verify_ssl": true
            }
        ]
    },
    "default": {
        "clickhouse-driver": {
            "hashes": [
                "sha256:0b1edf7adf5019cf10d42f703b427c5b50e0a2e33b3cb27752a9df6a09d35822",
                "sha256:1372f213bd7c3356363c3cb73050ec4a5592e2c4a6c17fe6fd5620e614ccd121",
                "sha256:1573379b2b8e510a63bbda80714eff4527e5f353cf45687c6f386aeed7ea9348",
                "sha256:1b3948b7896110cbd2dca99641f99a22dfe974bd638a7033a19847e6cf622111",
                "sha256:221b0e0e8d0605fab458df222cdf9660bc0946d69225c5cb3914b0576f736064",
                "sha256:2d6bd7d44c7d9e41319c8b4407615725f9823158ef96b65b638ef685019d9891",
                "sha256:42afea34ab07726b69e49a2b4d03c3024e22729bf9eb8d4c38ad40363096e6a7",
                "sha256:49ae7793474907007b3fd3bfa3caaf88ef6123cd4a253ccd5f6c5c74479d290b",
                "sha256:4e37db148d4612508df23ccb0c9710e9e300dd5abc28c207a6b2032a94814d84",
                "sha256:4f2d421b56883da61db9d77a6295b7d8e42a0d730758b6919505b18a96f9de72",
                "sha256:534d9b013b8cbef89e41c73269c5320fd62334d62a5b1c07d19cbf324b6ce313",
                "sha256:5fbf2ebead433f948c42df2d19314057e7e42519a70a22bbf6a0f3fdea00981b",
                "sha256:6377747637d399c9b449319a22442a284332f7e4fadf6690941028723e1bc9e4",
                "sha256:7180466ffcd19fe136f444b76d64888cfe8cdaea8705187434a6a7f6fba3e900",
                "sha256:75c7ee1a7d6e3c0b46e1ccca5cb58b1ce96b469918771fb7feca9f8e0cc64510",
                "sha256:76698a1ce81f8ff7d9deac07c408430cea013b98dfb53274f41e602acb24bd7e",
                "sha256:7992afda54ea98d98ab44bf5377f6c66a2e80e482f092edc1ca161d9c0d5afbf",
                "sha256:851d702e966b89b2921dd3792dcdb4b2b5328a6a5ff462ffd30910b53f2782d2",
                "sha256:8a520da97f9bc709986bb42d6242ff7aada25615cd3534456b3e0bf016547372",
                "sha256:8c9a5e596733e047981c11eee9ca6322067dfd108dcd5cacdfadd446138fad3f",
                "sha256:8f446bdc38a676d4b345a4395cf913e47d1a694250a971ddd50c24e08029fc75",
                "sha256:9429310eb4953306def4097c1defd634ed5ac0e0867ecb5a686eb5383fbcb392",
                "sha256:95d8e1ed3a9bdff0eeb362722c4b0c804d24a7eb48c2b53bc3bb989532ee190b",
                "sha256:a5948d8befccedcfd355dd1bfee87d2c6e3770a9069839e25015158b21d293b8",
                "sha256:a88c50873d54084f8eeb5d44d92d2b2d2aacf6624d0246f1d7735ca5d4e4c239",
                "sha256:aa5ffac9e4e9d353ad0719b1bd003ec533ff1e1970c12cef29392ba63bf5b24c",
                "sha256:adb8df900e17cf92147ad9d933258852bf3abbae8f1e0a6b091e986657d7069a",
                "sha256:ae549c67ba2f8480370f4971126861ec229928200086a851746d6e154d97af98",
                "sha256:b278d44fe4794147a2b1b34cb3a3446c8fee3e561e65c8107f5ffe996a589d50",
                "sha256:b2e49763ab0cb78527dfe07626812ceefffdd841bf5c8c5de87669c02ab253e6",
                "sha256:b318e4ebfb8e0331891e9bd82ff325b848ddb421fc6a62cdd9bd5450b3ce7aa1",
                "sha256:b42ee675e99ff7a5704eb6a87299d09c96519098d0d8dbdb859ddc6857b2e497",
                "sha256:ba37863f1344f4a47ff796ae1cb2161959db428c780f3d1c311919c7587edef1",
                "sha256:c0eb52b0ddad5519f410875402b6f78c154bf98341c1e8532b94682e48a8f568",
                "sha256:cb478f4c1045e9b807fa68d85f4cc048e20130e14bf8a062dc859db1d84793e4",
                "sha256:cc1913a9b2c954b07963c66a92f7dd2cc66474fa0b10f35d791d9d8958eee346",
                "sha256:cc83b8e36ed79c4582fe66e462d1794da257b753660cff4f84b15be2c747354a",
                "sha256:d63003043de79bef3051ebbaf41298799b41a1b36e503722b1c36179d7171254",
                "sha256:d7d0ff94d35aff4d42decd50c89530600a0b22eeaac8dc2abf5427d6dd1e0bf3",
                "sha256:d7ea4d15fb00b9db3d4c8702a3e62ad984b38472a4a65dc4f4168673c965b76b",
                "sha256:d8fc70bd92c89f50f3aba0a9444edcec6873836f1e5323905278454ed12283f8",
                "sha256:dc3a9ce962d1639c168cb8d35ed5c33a1631bb4476e0597c0d9650744fa5017f",
                "sha256:dcb338392183ad25810185deeac601f03694df09a9e902970351b4bc142194ec",
                "sha256:e1350e0d376f0039e47056e09e6ecab98c227d59d251bab3d7c3382473fc4871",
                "sha256:e1e079e1ccfb8a5ab31e98d0cb7a340b63a5ba92c38f023a3269d15b73b1d1e0",
                "sha256:e27e6b0831566188a9d4b1d0673a041789b4d213a7dde899d810da640306a389",
                "sha256:e720af513094a5db98465985018cb2aba6061afd7fb15e69604f34e9666915e7",
                "sha256:ed2d002777124e703bd59cbf3143138c3feba8e3ee402ad122b032279a3d58f1",
                "sha256:fe3b45b640cd626a88c099d7336d62b9c3150a88054e3f1d3e266f289c2f9240"
            ],
            "index": "pypi",
            "version": "==0.2.1"
        },
        "confluent-kafka": {
            "hashes": [
                "sha256:11173733e0540a98e493c91a05686ba4e777883c2cda756d47848fce84e06b30",
                "sha256:1246f3c674357630b078bbc76824eabea87ac5a9ca270886abca9c7f052381da",
                "sha256:1e8e7770eaf2f6df0a3620f0bfc5dc2293e6ca3ac1e14c4babe6fefc03f50e18",
                "sha256:2b4d8d53148a26f0cafcb42e9483f76473120bc091fa0ede497caf8cc8db6f88",
                "sha256:33c32de2357ddcd3f8a98a96591c69c7ada76215e051ed5dbb17b763921f376a",
                "sha256:415c23e7ccf948e50de616191febd4ec299b1d748ae0abdab3888f0ec0915ea9",
                "sha256:5d9c75822c0b1cb7787fc60a78b3f249bfd56b3a692dd079d9d7510ffefe2c99",
                "sha256:5e044e5c5fce78c87aedd56dbd7bd5c046dbf7a0bc9a0eff32229766be8808a5",
                "sha256:80e01b4791513c27eded8517af847530dfdf04c43d99ff132ed9c3085933b75b",
                "sha256:8bb0d7e28deac58b234f7481184a60f743838c4e06309fbcca9484b93697c33b",
                "sha256:955de681f2bc7241d580ebb43d7516f825950518bfaf2c8e6bc3c88d22be4f08",
                "sha256:9f5ff838f2ca87e467aa992f9fcb8bbdd222097690fe6b15aa733025a1613532",
                "sha256:aa5f2905783b1a4e560e4172e228e2174a077090cbdf91a5448dd8deac02b2a9",
                "sha256:aad712996e1465e806f7e027ad248b2474d2140a3985d5f7789a5ff68e5dba8a",
                "sha256:bbba1f144992fbd920cb10c7c2450e82fc8936e04272d36be3a3567bfbf768d4",
                "sha256:bc2ad89e6cc4e05c5855dfbee2838a699861943ab3ea62ff2b914d72fcd1a6c6",
                "sha256:c0b3fc70c31f636562464e905c2b75a2705d3d53bb4687fd48b574dee2a7fa51",
                "sha256:ee3f33077e3534b33cec9825843cd705ede458c585cfab2a052813391fb73291",
                "sha256:f2628f3ebffe05d346f0456c566d5519a59bd0aa88179a9b7408c1808415c102",
                "sha256:f98fa8982da1a960e6c1bfca49b235f8de45c8af83d6b741d78f96f346748488"
            ],
            "index": "pypi",
            "version": "==1.7.0"
        },
        "pydantic": {
            "hashes": [
                "sha256:021ea0e4133e8c824775a0cfe098677acf6fa5a3cbf9206a376eed3fc09302cd",
                "sha256:05ddfd37c1720c392f4e0d43c484217b7521558302e7069ce8d318438d297739",
                "sha256:05ef5246a7ffd2ce12a619cbb29f3307b7c4509307b1b49f456657b43529dc6f",
                "sha256:10e5622224245941efc193ad1d159887872776df7a8fd592ed746aa25d071840",
                "sha256:18b5ea242dd3e62dbf89b2b0ec9ba6c7b5abaf6af85b95a97b00279f65845a23",
                "sha256:234a6c19f1c14e25e362cb05c68afb7f183eb931dd3cd4605eafff055ebbf287",
                "sha256:244ad78eeb388a43b0c927e74d3af78008e944074b7d0f4f696ddd5b2af43c62",
                "sha256:26464e57ccaafe72b7ad156fdaa4e9b9ef051f69e175dbbb463283000c05ab7b",
                "sha256:41b542c0b3c42dc17da70554bc6f38cbc30d7066d2c2815a94499b5684582ecb",
                "sha256:4a03cbbe743e9c7247ceae6f0d8898f7a64bb65800a45cbdc52d65e370570820",
                "sha256:4be75bebf676a5f0f87937c6ddb061fa39cbea067240d98e298508c1bda6f3f3",
                "sha256:54cd5121383f4a461ff7644c7ca20c0419d58052db70d8791eacbbe31528916b",
                "sha256:589eb6cd6361e8ac341db97602eb7f354551482368a37f4fd086c0733548308e",
                "sha256:8621559dcf5afacf0069ed194278f35c255dc1a1385c28b32dd6c110fd6531b3",
                "sha256:8b223557f9510cf0bfd8b01316bf6dd281cf41826607eada99662f5e4963f316",
                "sha256:99a9fc39470010c45c161a1dc584997f1feb13f689ecf645f59bb4ba623e586b",
                "sha256:a7c6002203fe2c5a1b5cbb141bb85060cbff88c2d78eccbc72d97eb7022c43e4",
                "sha256:a83db7205f60c6a86f2c44a61791d993dff4b73135df1973ecd9eed5ea0bda20",
                "sha256:ac8eed4ca3bd3aadc58a13c2aa93cd8a884bcf21cb019f8cfecaae3b6ce3746e",
                "sha256:e710876437bc07bd414ff453ac8ec63d219e7690128d925c6e82889d674bb505",
                "sha256:ea5cb40a3b23b3265f6325727ddfc45141b08ed665458be8c6285e7b85bd73a1",
                "sha256:fec866a0b59f372b7e776f2d7308511784dace622e0992a0b59ea3ccee0ae833"
            ],
            "index": "pypi",
            "version": "==1.8.2"
        },
        "pytz": {
            "hashes": [
                "sha256:83a4a90894bf38e243cf052c8b58f381bfe9a7a483f6a9cab140bc7f702ac4da",
                "sha256:eb10ce3e7736052ed3623d49975ce333bcd712c7bb19a58b9e2089d4057d0798"
            ],
            "version": "==2021.1"
        },
        "typing-extensions": {
            "hashes": [
                "sha256:0ac0f89795dd19de6b97debb0c6af1c70987fd80a2d62d1958f7e56fcc31b497",
                "sha256:50b6f157849174217d0656f99dc82fe932884fb250826c18350e159ec6cdf342",
                "sha256:779383f6086d90c99ae41cf0ff39aac8a7937a9283ce0a414e5dd782f4c94a84"
            ],
            "version": "==3.10.0.0"
        },
        "tzlocal": {
            "hashes": [
                "sha256:643c97c5294aedc737780a49d9df30889321cbe1204eac2c2ec6134035a92e44",
                "sha256:e2cb6c6b5b604af38597403e9852872d7f534962ae2954c7f35efcb1ccacf4a4"
            ],
            "version": "==2.1"
        }
    },
    "develop": {
        "appdirs": {
            "hashes": [
                "sha256:7d5d0167b2b1ba821647616af46a749d1c653740dd0d2415100fe26e27afdf41",
                "sha256:a841dacd6b99318a741b166adb07e19ee71a274450e68237b4650ca1055ab128"
            ],
            "version": "==1.4.4"
        },
        "black": {
            "hashes": [
                "sha256:dc132348a88d103016726fe360cb9ede02cecf99b76e3660ce6c596be132ce04",
                "sha256:dfb8c5a069012b2ab1e972e7b908f5fb42b6bbabcba0a788b86dc05067c7d9c7"
            ],
            "index": "pypi",
            "version": "==21.6b0"
        },
        "click": {
            "hashes": [
                "sha256:8c04c11192119b1ef78ea049e0a6f0463e4c48ef00a30160c704337586f3ad7a",
                "sha256:fba402a4a47334742d782209a7c79bc448911afe1149d07bdabdf480b3e2f4b6"
            ],
            "markers": "python_version >= '3.6'",
            "version": "==8.0.1"
        },
        "flake8": {
            "hashes": [
                "sha256:07528381786f2a6237b061f6e96610a4167b226cb926e2aa2b6b1d78057c576b",
                "sha256:bf8fd333346d844f616e8d47905ef3a3384edae6b4e9beb0c5101e25e3110907"
            ],
            "index": "pypi",
            "version": "==3.9.2"
        },
        "isort": {
            "hashes": [
                "sha256:0a943902919f65c5684ac4e0154b1ad4fac6dcaa5d9f3426b732f1c8b5419be6",
                "sha256:2bb1680aad211e3c9944dbce1d4ba09a989f04e238296c87fe2139faa26d655d"
            ],
            "index": "pypi",
            "version": "==5.8.0"
        },
        "mccabe": {
            "hashes": [
                "sha256:ab8a6258860da4b6677da4bd2fe5dc2c659cff31b3ee4f7f5d64e79735b80d42",
                "sha256:dd8d182285a0fe56bace7f45b5e7d1a6ebcbf524e8f3bd87eb0f125271b8831f"
            ],
            "version": "==0.6.1"
        },
        "mypy-extensions": {
            "hashes": [
                "sha256:090fedd75945a69ae91ce1303b5824f428daf5a028d2f6ab8a299250a846f15d",
                "sha256:2d82818f5bb3e369420cb3c4060a7970edba416647068eb4c5343488a6c604a8"
            ],
            "version": "==0.4.3"
        },
        "pathspec": {
            "hashes": [
                "sha256:86379d6b86d75816baba717e64b1a3a3469deb93bb76d613c9ce79edc5cb68fd",
                "sha256:aa0cb481c4041bf52ffa7b0d8fa6cd3e88a2ca4879c533c9153882ee2556790d"
            ],
            "version": "==0.8.1"
        },
        "pycodestyle": {
            "hashes": [
                "sha256:514f76d918fcc0b55c6680472f0a37970994e07bbb80725808c17089be302068",
                "sha256:c389c1d06bf7904078ca03399a4816f974a1d590090fecea0c63ec26ebaf1cef"
            ],
            "markers": "python_version >= '2.7' and python_version not in '3.0, 3.1, 3.2, 3.3'",
            "version": "==2.7.0"
        },
        "pyflakes": {
            "hashes": [
                "sha256:7893783d01b8a89811dd72d7dfd4d84ff098e5eed95cfa8905b22bbffe52efc3",
                "sha256:f5bc8ecabc05bb9d291eb5203d6810b49040f6ff446a756326104746cc00c1db"
            ],
            "markers": "python_version >= '2.7' and python_version not in '3.0, 3.1, 3.2, 3.3'",
            "version": "==2.3.1"
        },
        "regex": {
            "hashes": [
                "sha256:01afaf2ec48e196ba91b37451aa353cb7eda77efe518e481707e0515025f0cd5",
                "sha256:11d773d75fa650cd36f68d7ca936e3c7afaae41b863b8c387a22aaa78d3c5c79",
                "sha256:18c071c3eb09c30a264879f0d310d37fe5d3a3111662438889ae2eb6fc570c31",
                "sha256:1e1c20e29358165242928c2de1482fb2cf4ea54a6a6dea2bd7a0e0d8ee321500",
                "sha256:281d2fd05555079448537fe108d79eb031b403dac622621c78944c235f3fcf11",
                "sha256:314d66636c494ed9c148a42731b3834496cc9a2c4251b1661e40936814542b14",
                "sha256:32e65442138b7b76dd8173ffa2cf67356b7bc1768851dded39a7a13bf9223da3",
                "sha256:339456e7d8c06dd36a22e451d58ef72cef293112b559010db3d054d5560ef439",
                "sha256:3916d08be28a1149fb97f7728fca1f7c15d309a9f9682d89d79db75d5e52091c",
                "sha256:3a9cd17e6e5c7eb328517969e0cb0c3d31fd329298dd0c04af99ebf42e904f82",
                "sha256:47bf5bf60cf04d72bf6055ae5927a0bd9016096bf3d742fa50d9bf9f45aa0711",
                "sha256:4c46e22a0933dd783467cf32b3516299fb98cfebd895817d685130cc50cd1093",
                "sha256:4c557a7b470908b1712fe27fb1ef20772b78079808c87d20a90d051660b1d69a",
                "sha256:52ba3d3f9b942c49d7e4bc105bb28551c44065f139a65062ab7912bef10c9afb",
                "sha256:563085e55b0d4fb8f746f6a335893bda5c2cef43b2f0258fe1020ab1dd874df8",
                "sha256:598585c9f0af8374c28edd609eb291b5726d7cbce16be6a8b95aa074d252ee17",
                "sha256:619d71c59a78b84d7f18891fe914446d07edd48dc8328c8e149cbe0929b4e000",
                "sha256:67bdb9702427ceddc6ef3dc382455e90f785af4c13d495f9626861763ee13f9d",
                "sha256:6d1b01031dedf2503631d0903cb563743f397ccaf6607a5e3b19a3d76fc10480",
                "sha256:741a9647fcf2e45f3a1cf0e24f5e17febf3efe8d4ba1281dcc3aa0459ef424dc",
                "sha256:7c2a1af393fcc09e898beba5dd59196edaa3116191cc7257f9224beaed3e1aa0",
                "sha256:7d9884d86dd4dd489e981d94a65cd30d6f07203d90e98f6f657f05170f6324c9",
                "sha256:90f11ff637fe8798933fb29f5ae1148c978cccb0452005bf4c69e13db951e765",
                "sha256:919859aa909429fb5aa9cf8807f6045592c85ef56fdd30a9a3747e513db2536e",
                "sha256:96fcd1888ab4d03adfc9303a7b3c0bd78c5412b2bfbe76db5b56d9eae004907a",
                "sha256:97f29f57d5b84e73fbaf99ab3e26134e6687348e95ef6b48cfd2c06807005a07",
                "sha256:980d7be47c84979d9136328d882f67ec5e50008681d94ecc8afa8a65ed1f4a6f",
                "sha256:a91aa8619b23b79bcbeb37abe286f2f408d2f2d6f29a17237afda55bb54e7aac",
                "sha256:ade17eb5d643b7fead300a1641e9f45401c98eee23763e9ed66a43f92f20b4a7",
                "sha256:b9c3db21af35e3b3c05764461b262d6f05bbca08a71a7849fd79d47ba7bc33ed",
                "sha256:bd28bc2e3a772acbb07787c6308e00d9626ff89e3bfcdebe87fa5afbfdedf968",
                "sha256:bf5824bfac591ddb2c1f0a5f4ab72da28994548c708d2191e3b87dd207eb3ad7",
                "sha256:c0502c0fadef0d23b128605d69b58edb2c681c25d44574fc673b0e52dce71ee2",
                "sha256:c38c71df845e2aabb7fb0b920d11a1b5ac8526005e533a8920aea97efb8ec6a4",
                "sha256:ce15b6d103daff8e9fee13cf7f0add05245a05d866e73926c358e871221eae87",
                "sha256:d3029c340cfbb3ac0a71798100ccc13b97dddf373a4ae56b6a72cf70dfd53bc8",
                "sha256:e512d8ef5ad7b898cdb2d8ee1cb09a8339e4f8be706d27eaa180c2f177248a10",
                "sha256:e8e5b509d5c2ff12f8418006d5a90e9436766133b564db0abaec92fd27fcee29",
                "sha256:ee54ff27bf0afaf4c3b3a62bcd016c12c3fdb4ec4f413391a90bd38bc3624605",
                "sha256:fa4537fb4a98fe8fde99626e4681cc644bdcf2a795038533f9f711513a862ae6",
                "sha256:fd45ff9293d9274c5008a2054ecef86a9bfe819a67c7be1afb65e69b405b3042"
            ],
            "version": "==2021.4.4"
        },
        "toml": {
            "hashes": [
                "sha256:806143ae5bfb6a3c6e736a764057db0e6a0e05e338b5630894a5f779cabb4f9b",
                "sha256:b3bda1d108d5dd99f4a20d24d9c348e91c4db7ab1b749200bded2f839ccbe68f"
            ],
            "markers": "python_version >= '2.6' and python_version not in '3.0, 3.1, 3.2, 3.3'",
            "version": "==0.10.2"
        }
    }
}
